{
  "name": "ultraclaude-workspace",
  "version": "0.1.0",
  "lockfileVersion": 3,
  "requires": true,
  "packages": {
    "": {
      "name": "ultraclaude-workspace",
      "version": "0.1.0",
      "license": "Apache-2.0",
      "workspaces": [
        "plugins/ultraclaude"
      ],
      "engines": {
        "node": ">=18"
      }
    },
    "node_modules/ultraclaude": {
      "resolved": "plugins/ultraclaude",
      "link": true
    },
    "plugins/ultraclaude": {
      "version": "0.1.0",
      "license": "Apache-2.0",
      "bin": {
        "ultraclaude": "skills/claude-workflow/scripts/claude-node.mjs"
      },
      "engines": {
        "node": ">=18"
      }
    }
  }
}
